
Microsoft Visual Studio Solution File, Format Version 12.00
# Visual Studio 2012
Project("{E24C65DC-7377-472B-9ABA-BC803B73C61A}") = "Mafiasca", ".", "{10E6E300-0EF3-4B0C-A4AE-C1DB1E7C4FAE}"
	ProjectSection(WebsiteProperties) = preProject
		TargetFrameworkMoniker = ".NETFramework,Version%3Dv4.5"
		Debug.AspNetCompiler.VirtualPath = "/Mafiasca"
		Debug.AspNetCompiler.PhysicalPath = "D:\CodeJam\HTML5\Mafiasca\"
		Debug.AspNetCompiler.TargetPath = "PrecompiledWeb\Mafiasca\"
		Debug.AspNetCompiler.Updateable = "true"
		Debug.AspNetCompiler.ForceOverwrite = "true"
		Debug.AspNetCompiler.FixedNames = "false"
		Debug.AspNetCompiler.Debug = "True"
		Release.AspNetCompiler.VirtualPath = "/Mafiasca"
		Release.AspNetCompiler.PhysicalPath = "D:\CodeJam\HTML5\Mafiasca\"
		Release.AspNetCompiler.TargetPath = "PrecompiledWeb\Mafiasca\"
		Release.AspNetCompiler.Updateable = "true"
		Release.AspNetCompiler.ForceOverwrite = "true"
		Release.AspNetCompiler.FixedNames = "false"
		Release.AspNetCompiler.Debug = "False"
		VWDPort = "50601"
	EndProjectSection
EndProject
Global
	GlobalSection(SolutionConfigurationPlatforms) = preSolution
		Debug|Any CPU = Debug|Any CPU
	EndGlobalSection
	GlobalSection(ProjectConfigurationPlatforms) = postSolution
		{10E6E300-0EF3-4B0C-A4AE-C1DB1E7C4FAE}.Debug|Any CPU.ActiveCfg = Debug|Any CPU
		{10E6E300-0EF3-4B0C-A4AE-C1DB1E7C4FAE}.Debug|Any CPU.Build.0 = Debug|Any CPU
	EndGlobalSection
	GlobalSection(SolutionProperties) = preSolution
		HideSolutionNode = FALSE
	EndGlobalSection
EndGlobal
